lockfileVersion: '9.0'

settings:
  autoInstallPeers: true
  excludeLinksFromLockfile: false

importers:

  .:
    devDependencies:
      '@biomejs/biome':
        specifier: ^2.1.4
        version: 2.1.4
      '@codemirror/language':
        specifier: 6.3.0
        version: 6.3.0
      '@codemirror/state':
        specifier: 6.1.2
        version: 6.1.2
      '@codemirror/view':
        specifier: 6.4.1
        version: 6.4.1
      '@types/node':
        specifier: ^20.19.10
        version: 20.19.10
      asciimath-parser:
        specifier: ^0.6.9
        version: 0.6.9
      builtin-modules:
        specifier: 3.3.0
        version: 3.3.0
      esbuild:
        specifier: 0.14.47
        version: 0.14.47
      obsidian:
        specifier: latest
        version: 1.4.11(@codemirror/state@6.1.2)(@codemirror/view@6.4.1)
      ts-dedent:
        specifier: ^2.2.0
        version: 2.2.0
      tslib:
        specifier: 2.4.0
        version: 2.4.0
      typescript:
        specifier: 4.7.4
        version: 4.7.4

packages:

  '@biomejs/biome@2.1.4':
    resolution: {integrity: sha512-QWlrqyxsU0FCebuMnkvBIkxvPqH89afiJzjMl+z67ybutse590jgeaFdDurE9XYtzpjRGTI1tlUZPGWmbKsElA==}
    engines: {node: '>=14.21.3'}
    hasBin: true

  '@biomejs/cli-darwin-arm64@2.1.4':
    resolution: {integrity: sha512-sCrNENE74I9MV090Wq/9Dg7EhPudx3+5OiSoQOkIe3DLPzFARuL1dOwCWhKCpA3I5RHmbrsbNSRfZwCabwd8Qg==}
    engines: {node: '>=14.21.3'}
    cpu: [arm64]
    os: [darwin]

  '@biomejs/cli-darwin-x64@2.1.4':
    resolution: {integrity: sha512-gOEICJbTCy6iruBywBDcG4X5rHMbqCPs3clh3UQ+hRKlgvJTk4NHWQAyHOXvaLe+AxD1/TNX1jbZeffBJzcrOw==}
    engines: {node: '>=14.21.3'}
    cpu: [x64]
    os: [darwin]

  '@biomejs/cli-linux-arm64-musl@2.1.4':
    resolution: {integrity: sha512-nYr7H0CyAJPaLupFE2cH16KZmRC5Z9PEftiA2vWxk+CsFkPZQ6dBRdcC6RuS+zJlPc/JOd8xw3uCCt9Pv41WvQ==}
    engines: {node: '>=14.21.3'}
    cpu: [arm64]
    os: [linux]

  '@biomejs/cli-linux-arm64@2.1.4':
    resolution: {integrity: sha512-juhEkdkKR4nbUi5k/KRp1ocGPNWLgFRD4NrHZSveYrD6i98pyvuzmS9yFYgOZa5JhaVqo0HPnci0+YuzSwT2fw==}
    engines: {node: '>=14.21.3'}
    cpu: [arm64]
    os: [linux]

  '@biomejs/cli-linux-x64-musl@2.1.4':
    resolution: {integrity: sha512-lvwvb2SQQHctHUKvBKptR6PLFCM7JfRjpCCrDaTmvB7EeZ5/dQJPhTYBf36BE/B4CRWR2ZiBLRYhK7hhXBCZAg==}
    engines: {node: '>=14.21.3'}
    cpu: [x64]
    os: [linux]

  '@biomejs/cli-linux-x64@2.1.4':
    resolution: {integrity: sha512-Eoy9ycbhpJVYuR+LskV9s3uyaIkp89+qqgqhGQsWnp/I02Uqg2fXFblHJOpGZR8AxdB9ADy87oFVxn9MpFKUrw==}
    engines: {node: '>=14.21.3'}
    cpu: [x64]
    os: [linux]

  '@biomejs/cli-win32-arm64@2.1.4':
    resolution: {integrity: sha512-3WRYte7orvyi6TRfIZkDN9Jzoogbv+gSvR+b9VOXUg1We1XrjBg6WljADeVEaKTvOcpVdH0a90TwyOQ6ue4fGw==}
    engines: {node: '>=14.21.3'}
    cpu: [arm64]
    os: [win32]

  '@biomejs/cli-win32-x64@2.1.4':
    resolution: {integrity: sha512-tBc+W7anBPSFXGAoQW+f/+svkpt8/uXfRwDzN1DvnatkRMt16KIYpEi/iw8u9GahJlFv98kgHcIrSsZHZTR0sw==}
    engines: {node: '>=14.21.3'}
    cpu: [x64]
    os: [win32]

  '@codemirror/language@6.3.0':
    resolution: {integrity: sha512-6jOE5DEt6sKD46SXhn3xPbBehn+l48ACcA6Uxs2k+E2YNH9XGF5WdGMTYr2DlggfK4h0QZBK6zEb5S7lkTriWA==}

  '@codemirror/state@6.1.2':
    resolution: {integrity: sha512-Mxff85Hp5va+zuj+H748KbubXjrinX/k28lj43H14T2D0+4kuvEFIEIO7hCEcvBT8ubZyIelt9yGOjj2MWOEQA==}

  '@codemirror/view@6.4.1':
    resolution: {integrity: sha512-QdBpD6E5HYx6YFXXhqwrRyQ83w7CxWZnchM4QpWBVkkmV7/oJT8N+yz2KAi2iRaLObc/aOf7C2RCQTO2yswF8A==}

  '@lezer/common@1.2.1':
    resolution: {integrity: sha512-yemX0ZD2xS/73llMZIK6KplkjIjf2EvAHcinDi/TfJ9hS25G0388+ClHt6/3but0oOxinTcQHJLDXh6w1crzFQ==}

  '@lezer/highlight@1.1.2':
    resolution: {integrity: sha512-CAun1WR1glxG9ZdOokTZwXbcwB7PXkIEyZRUMFBVwSrhTcogWq634/ByNImrkUnQhjju6xsIaOBIxvcRJtplXQ==}

  '@lezer/lr@1.2.4':
    resolution: {integrity: sha512-L/52/oMJBFXXx8qBYF4UgktLP2geQ/qn5Fd8+5L/mqlLLCB9+qdKktFAtejd9FdFMaFx6lrP5rmLz4sN3Kplcg==}

  '@types/codemirror@5.60.8':
    resolution: {integrity: sha512-VjFgDF/eB+Aklcy15TtOTLQeMjTo07k7KAjql8OK5Dirr7a6sJY4T1uVBDuTVG9VEmn1uUsohOpYnVfgC6/jyw==}

  '@types/estree@1.0.0':
    resolution: {integrity: sha512-WulqXMDUTYAXCjZnk6JtIHPigp55cVtDgDrO2gHRwhyJto21+1zbVCtOYB2L1F9w4qCQ0rOGWBnBe0FNTiEJIQ==}

  '@types/node@20.19.10':
    resolution: {integrity: sha512-iAFpG6DokED3roLSP0K+ybeDdIX6Bc0Vd3mLW5uDqThPWtNos3E+EqOM11mPQHKzfWHqEBuLjIlsBQQ8CsISmQ==}

  '@types/tern@0.23.4':
    resolution: {integrity: sha512-JAUw1iXGO1qaWwEOzxTKJZ/5JxVeON9kvGZ/osgZaJImBnyjyn0cjovPsf6FNLmyGY8Vw9DoXZCMlfMkMwHRWg==}

  asciimath-parser@0.6.9:
    resolution: {integrity: sha512-9xhf6WqH0e3IzolVRZQ7+MqkBNT9YM2nnmiTKHoylk+m329Hs0883pV4Uz4J1dxxzocnL41BHZvylnEQwg2HxQ==}

  builtin-modules@3.3.0:
    resolution: {integrity: sha512-zhaCDicdLuWN5UbN5IMnFqNMhNfo919sH85y2/ea+5Yg9TsTkeZxpL+JLbp6cgYFS4sRLp3YV4S6yDuqVWHYOw==}
    engines: {node: '>=6'}

  esbuild-android-64@0.14.47:
    resolution: {integrity: sha512-R13Bd9+tqLVFndncMHssZrPWe6/0Kpv2/dt4aA69soX4PRxlzsVpCvoJeFE8sOEoeVEiBkI0myjlkDodXlHa0g==}
    engines: {node: '>=12'}
    cpu: [x64]
    os: [android]

  esbuild-android-arm64@0.14.47:
    resolution: {integrity: sha512-OkwOjj7ts4lBp/TL6hdd8HftIzOy/pdtbrNA4+0oVWgGG64HrdVzAF5gxtJufAPOsEjkyh1oIYvKAUinKKQRSQ==}
    engines: {node: '>=12'}
    cpu: [arm64]
    os: [android]

  esbuild-darwin-64@0.14.47:
    resolution: {integrity: sha512-R6oaW0y5/u6Eccti/TS6c/2c1xYTb1izwK3gajJwi4vIfNs1s8B1dQzI1UiC9T61YovOQVuePDcfqHLT3mUZJA==}
    engines: {node: '>=12'}
    cpu: [x64]
    os: [darwin]

  esbuild-darwin-arm64@0.14.47:
    resolution: {integrity: sha512-seCmearlQyvdvM/noz1L9+qblC5vcBrhUaOoLEDDoLInF/VQ9IkobGiLlyTPYP5dW1YD4LXhtBgOyevoIHGGnw==}
    engines: {node: '>=12'}
    cpu: [arm64]
    os: [darwin]

  esbuild-freebsd-64@0.14.47:
    resolution: {integrity: sha512-ZH8K2Q8/Ux5kXXvQMDsJcxvkIwut69KVrYQhza/ptkW50DC089bCVrJZZ3sKzIoOx+YPTrmsZvqeZERjyYrlvQ==}
    engines: {node: '>=12'}
    cpu: [x64]
    os: [freebsd]

  esbuild-freebsd-arm64@0.14.47:
    resolution: {integrity: sha512-ZJMQAJQsIOhn3XTm7MPQfCzEu5b9STNC+s90zMWe2afy9EwnHV7Ov7ohEMv2lyWlc2pjqLW8QJnz2r0KZmeAEQ==}
    engines: {node: '>=12'}
    cpu: [arm64]
    os: [freebsd]

  esbuild-linux-32@0.14.47:
    resolution: {integrity: sha512-FxZOCKoEDPRYvq300lsWCTv1kcHgiiZfNrPtEhFAiqD7QZaXrad8LxyJ8fXGcWzIFzRiYZVtB3ttvITBvAFhKw==}
    engines: {node: '>=12'}
    cpu: [ia32]
    os: [linux]

  esbuild-linux-64@0.14.47:
    resolution: {integrity: sha512-nFNOk9vWVfvWYF9YNYksZptgQAdstnDCMtR6m42l5Wfugbzu11VpMCY9XrD4yFxvPo9zmzcoUL/88y0lfJZJJw==}
    engines: {node: '>=12'}
    cpu: [x64]
    os: [linux]

  esbuild-linux-arm64@0.14.47:
    resolution: {integrity: sha512-ywfme6HVrhWcevzmsufjd4iT3PxTfCX9HOdxA7Hd+/ZM23Y9nXeb+vG6AyA6jgq/JovkcqRHcL9XwRNpWG6XRw==}
    engines: {node: '>=12'}
    cpu: [arm64]
    os: [linux]

  esbuild-linux-arm@0.14.47:
    resolution: {integrity: sha512-ZGE1Bqg/gPRXrBpgpvH81tQHpiaGxa8c9Rx/XOylkIl2ypLuOcawXEAo8ls+5DFCcRGt/o3sV+PzpAFZobOsmA==}
    engines: {node: '>=12'}
    cpu: [arm]
    os: [linux]

  esbuild-linux-mips64le@0.14.47:
    resolution: {integrity: sha512-mg3D8YndZ1LvUiEdDYR3OsmeyAew4MA/dvaEJxvyygahWmpv1SlEEnhEZlhPokjsUMfRagzsEF/d/2XF+kTQGg==}
    engines: {node: '>=12'}
    cpu: [mips64el]
    os: [linux]

  esbuild-linux-ppc64le@0.14.47:
    resolution: {integrity: sha512-WER+f3+szmnZiWoK6AsrTKGoJoErG2LlauSmk73LEZFQ/iWC+KhhDsOkn1xBUpzXWsxN9THmQFltLoaFEH8F8w==}
    engines: {node: '>=12'}
    cpu: [ppc64]
    os: [linux]

  esbuild-linux-riscv64@0.14.47:
    resolution: {integrity: sha512-1fI6bP3A3rvI9BsaaXbMoaOjLE3lVkJtLxsgLHqlBhLlBVY7UqffWBvkrX/9zfPhhVMd9ZRFiaqXnB1T7BsL2g==}
    engines: {node: '>=12'}
    cpu: [riscv64]
    os: [linux]

  esbuild-linux-s390x@0.14.47:
    resolution: {integrity: sha512-eZrWzy0xFAhki1CWRGnhsHVz7IlSKX6yT2tj2Eg8lhAwlRE5E96Hsb0M1mPSE1dHGpt1QVwwVivXIAacF/G6mw==}
    engines: {node: '>=12'}
    cpu: [s390x]
    os: [linux]

  esbuild-netbsd-64@0.14.47:
    resolution: {integrity: sha512-Qjdjr+KQQVH5Q2Q1r6HBYswFTToPpss3gqCiSw2Fpq/ua8+eXSQyAMG+UvULPqXceOwpnPo4smyZyHdlkcPppQ==}
    engines: {node: '>=12'}
    cpu: [x64]
    os: [netbsd]

  esbuild-openbsd-64@0.14.47:
    resolution: {integrity: sha512-QpgN8ofL7B9z8g5zZqJE+eFvD1LehRlxr25PBkjyyasakm4599iroUpaj96rdqRlO2ShuyqwJdr+oNqWwTUmQw==}
    engines: {node: '>=12'}
    cpu: [x64]
    os: [openbsd]

  esbuild-sunos-64@0.14.47:
    resolution: {integrity: sha512-uOeSgLUwukLioAJOiGYm3kNl+1wJjgJA8R671GYgcPgCx7QR73zfvYqXFFcIO93/nBdIbt5hd8RItqbbf3HtAQ==}
    engines: {node: '>=12'}
    cpu: [x64]
    os: [sunos]

  esbuild-windows-32@0.14.47:
    resolution: {integrity: sha512-H0fWsLTp2WBfKLBgwYT4OTfFly4Im/8B5f3ojDv1Kx//kiubVY0IQunP2Koc/fr/0wI7hj3IiBDbSrmKlrNgLQ==}
    engines: {node: '>=12'}
    cpu: [ia32]
    os: [win32]

  esbuild-windows-64@0.14.47:
    resolution: {integrity: sha512-/Pk5jIEH34T68r8PweKRi77W49KwanZ8X6lr3vDAtOlH5EumPE4pBHqkCUdELanvsT14yMXLQ/C/8XPi1pAtkQ==}
    engines: {node: '>=12'}
    cpu: [x64]
    os: [win32]

  esbuild-windows-arm64@0.14.47:
    resolution: {integrity: sha512-HFSW2lnp62fl86/qPQlqw6asIwCnEsEoNIL1h2uVMgakddf+vUuMcCbtUY1i8sst7KkgHrVKCJQB33YhhOweCQ==}
    engines: {node: '>=12'}
    cpu: [arm64]
    os: [win32]

  esbuild@0.14.47:
    resolution: {integrity: sha512-wI4ZiIfFxpkuxB8ju4MHrGwGLyp1+awEHAHVpx6w7a+1pmYIq8T9FGEVVwFo0iFierDoMj++Xq69GXWYn2EiwA==}
    engines: {node: '>=12'}
    hasBin: true

  moment@2.29.4:
    resolution: {integrity: sha512-5LC9SOxjSc2HF6vO2CyuTDNivEdoz2IvyJJGj6X8DJ0eFyfszE0QiEd+iXmBvUP3WHxSjFH/vIsA0EN00cgr8w==}

  obsidian@1.4.11:
    resolution: {integrity: sha512-BCVYTvaXxElJMl6MMbDdY/CGK+aq18SdtDY/7vH8v6BxCBQ6KF4kKxL0vG9UZ0o5qh139KpUoJHNm+6O5dllKA==}
    peerDependencies:
      '@codemirror/state': ^6.0.0
      '@codemirror/view': ^6.0.0

  style-mod@4.1.2:
    resolution: {integrity: sha512-wnD1HyVqpJUI2+eKZ+eo1UwghftP6yuFheBqqe+bWCotBjC2K1YnteJILRMs3SM4V/0dLEW1SC27MWP5y+mwmw==}

  ts-dedent@2.2.0:
    resolution: {integrity: sha512-q5W7tVM71e2xjHZTlgfTDoPF/SmqKG5hddq9SzR49CH2hayqRKJtQ4mtRlSxKaJlR/+9rEM+mnBHf7I2/BQcpQ==}
    engines: {node: '>=6.10'}

  tslib@2.4.0:
    resolution: {integrity: sha512-d6xOpEDfsi2CZVlPQzGeux8XMwLT9hssAsaPYExaQMuYskwb+x1x7J371tWlbBdWHroy99KnVB6qIkUbs5X3UQ==}

  typescript@4.7.4:
    resolution: {integrity: sha512-C0WQT0gezHuw6AdY1M2jxUO83Rjf0HP7Sk1DtXj6j1EwkQNZrHAg2XPWlq62oqEhYvONq5pkC2Y9oPljWToLmQ==}
    engines: {node: '>=4.2.0'}
    hasBin: true

  undici-types@6.21.0:
    resolution: {integrity: sha512-iwDZqg0QAGrg9Rav5H4n0M64c3mkR59cJ6wQp+7C4nI0gsmExaedaYLNO44eT4AtBBwjbTiGPMlt2Md0T9H9JQ==}

  w3c-keyname@2.2.6:
    resolution: {integrity: sha512-f+fciywl1SJEniZHD6H+kUO8gOnwIr7f4ijKA6+ZvJFjeGi1r4PDLl53Ayud9O/rk64RqgoQine0feoeOU0kXg==}

snapshots:

  '@biomejs/biome@2.1.4':
    optionalDependencies:
      '@biomejs/cli-darwin-arm64': 2.1.4
      '@biomejs/cli-darwin-x64': 2.1.4
      '@biomejs/cli-linux-arm64': 2.1.4
      '@biomejs/cli-linux-arm64-musl': 2.1.4
      '@biomejs/cli-linux-x64': 2.1.4
      '@biomejs/cli-linux-x64-musl': 2.1.4
      '@biomejs/cli-win32-arm64': 2.1.4
      '@biomejs/cli-win32-x64': 2.1.4

  '@biomejs/cli-darwin-arm64@2.1.4':
    optional: true

  '@biomejs/cli-darwin-x64@2.1.4':
    optional: true

  '@biomejs/cli-linux-arm64-musl@2.1.4':
    optional: true

  '@biomejs/cli-linux-arm64@2.1.4':
    optional: true

  '@biomejs/cli-linux-x64-musl@2.1.4':
    optional: true

  '@biomejs/cli-linux-x64@2.1.4':
    optional: true

  '@biomejs/cli-win32-arm64@2.1.4':
    optional: true

  '@biomejs/cli-win32-x64@2.1.4':
    optional: true

  '@codemirror/language@6.3.0':
    dependencies:
      '@codemirror/state': 6.1.2
      '@codemirror/view': 6.4.1
      '@lezer/common': 1.2.1
      '@lezer/highlight': 1.1.2
      '@lezer/lr': 1.2.4
      style-mod: 4.1.2

  '@codemirror/state@6.1.2': {}

  '@codemirror/view@6.4.1':
    dependencies:
      '@codemirror/state': 6.1.2
      style-mod: 4.1.2
      w3c-keyname: 2.2.6

  '@lezer/common@1.2.1': {}

  '@lezer/highlight@1.1.2':
    dependencies:
      '@lezer/common': 1.2.1

  '@lezer/lr@1.2.4':
    dependencies:
      '@lezer/common': 1.2.1

  '@types/codemirror@5.60.8':
    dependencies:
      '@types/tern': 0.23.4

  '@types/estree@1.0.0': {}

  '@types/node@20.19.10':
    dependencies:
      undici-types: 6.21.0

  '@types/tern@0.23.4':
    dependencies:
      '@types/estree': 1.0.0

  asciimath-parser@0.6.9: {}

  builtin-modules@3.3.0: {}

  esbuild-android-64@0.14.47:
    optional: true

  esbuild-android-arm64@0.14.47:
    optional: true

  esbuild-darwin-64@0.14.47:
    optional: true

  esbuild-darwin-arm64@0.14.47:
    optional: true

  esbuild-freebsd-64@0.14.47:
    optional: true

  esbuild-freebsd-arm64@0.14.47:
    optional: true

  esbuild-linux-32@0.14.47:
    optional: true

  esbuild-linux-64@0.14.47:
    optional: true

  esbuild-linux-arm64@0.14.47:
    optional: true

  esbuild-linux-arm@0.14.47:
    optional: true

  esbuild-linux-mips64le@0.14.47:
    optional: true

  esbuild-linux-ppc64le@0.14.47:
    optional: true

  esbuild-linux-riscv64@0.14.47:
    optional: true

  esbuild-linux-s390x@0.14.47:
    optional: true

  esbuild-netbsd-64@0.14.47:
    optional: true

  esbuild-openbsd-64@0.14.47:
    optional: true

  esbuild-sunos-64@0.14.47:
    optional: true

  esbuild-windows-32@0.14.47:
    optional: true

  esbuild-windows-64@0.14.47:
    optional: true

  esbuild-windows-arm64@0.14.47:
    optional: true

  esbuild@0.14.47:
    optionalDependencies:
      esbuild-android-64: 0.14.47
      esbuild-android-arm64: 0.14.47
      esbuild-darwin-64: 0.14.47
      esbuild-darwin-arm64: 0.14.47
      esbuild-freebsd-64: 0.14.47
      esbuild-freebsd-arm64: 0.14.47
      esbuild-linux-32: 0.14.47
      esbuild-linux-64: 0.14.47
      esbuild-linux-arm: 0.14.47
      esbuild-linux-arm64: 0.14.47
      esbuild-linux-mips64le: 0.14.47
      esbuild-linux-ppc64le: 0.14.47
      esbuild-linux-riscv64: 0.14.47
      esbuild-linux-s390x: 0.14.47
      esbuild-netbsd-64: 0.14.47
      esbuild-openbsd-64: 0.14.47
      esbuild-sunos-64: 0.14.47
      esbuild-windows-32: 0.14.47
      esbuild-windows-64: 0.14.47
      esbuild-windows-arm64: 0.14.47

  moment@2.29.4: {}

  obsidian@1.4.11(@codemirror/state@6.1.2)(@codemirror/view@6.4.1):
    dependencies:
      '@codemirror/state': 6.1.2
      '@codemirror/view': 6.4.1
      '@types/codemirror': 5.60.8
      moment: 2.29.4

  style-mod@4.1.2: {}

  ts-dedent@2.2.0: {}

  tslib@2.4.0: {}

  typescript@4.7.4: {}

  undici-types@6.21.0: {}

  w3c-keyname@2.2.6: {}
